
Microsoft Visual Studio Solution File, Format Version 12.00
# Visual Studio Version 17
VisualStudioVersion = 17.5.2.0
MinimumVisualStudioVersion = 10.0.40219.1
Project("{2150E333-8FDC-42A3-9474-1A3956D46DE8}") = "src", "src", "{827E0CD3-B72D-47B6-A68D-7590B98EB39B}"
EndProject
Project("{FAE04EC0-301F-11D3-BF4B-00C04F79EFBC}") = "NodSystem.Demo", "src\NodSystem.Demo\NodSystem.Demo.csproj", "{64AEE18A-2FC7-21D8-1616-44A2B304517E}"
EndProject
Project("{FAE04EC0-301F-11D3-BF4B-00C04F79EFBC}") = "NodSystem.Tests", "src\NodSystem.Tests\NodSystem.Tests.csproj", "{B5D455C9-AF87-CF8E-25DD-A69A1B5C6635}"
EndProject
Project("{FAE04EC0-301F-11D3-BF4B-00C04F79EFBC}") = "Syscalculator.UI.WinForms", "src\syscalculator\Syscalculator.UI.WinForms.csproj", "{528F7AD6-2FCE-CEA7-9BB5-8B2B036417A7}"
EndProject
Project("{FAE04EC0-301F-11D3-BF4B-00C04F79EFBC}") = "Syscalculator.UI.Uwp", "src\Syscalculator.UI.Uwp\Syscalculator.UI.Uwp.csproj", "{561A6847-62C0-49B4-B500-43B5B6D09253}"
EndProject
Project("{FAE04EC0-301F-11D3-BF4B-00C04F79EFBC}") = "Tiedragon.Graph2D", "src\Tiedragon.Graph2D\Tiedragon.Graph2D.csproj", "{D9920B9F-B89A-463B-BC89-24C35C28CCFF}"
EndProject
Project("{FAE04EC0-301F-11D3-BF4B-00C04F79EFBC}") = "Tiedragon.ToolEditor", "src\Tiedragon.ToolEditor\Tiedragon.ToolEditor.csproj", "{61BA2193-F9A7-4F61-95E8-4CEDFA9A9C89}"
EndProject
Project("{FAE04EC0-301F-11D3-BF4B-00C04F79EFBC}") = "Tiedragon.NodSystem.Core", "src\Tiedragon.NodSystem.Core\Tiedragon.NodSystem.Core.csproj", "{D35C1FA7-31EE-4DC6-871F-6C2D812A3394}"
EndProject
Project("{FAE04EC0-301F-11D3-BF4B-00C04F79EFBC}") = "Tiedragon.ClipboardConvert", "src\Tiedragon.ClipboardConvert\Tiedragon.ClipboardConvert.csproj", "{438BF0FC-EC25-4CA9-AF12-300E111E6499}"
EndProject
Global
	GlobalSection(SolutionConfigurationPlatforms) = preSolution
		Debug|Any CPU = Debug|Any CPU
		Debug|x64 = Debug|x64
		Debug|x86 = Debug|x86
		Release|Any CPU = Release|Any CPU
		Release|x64 = Release|x64
		Release|x86 = Release|x86
	EndGlobalSection
	GlobalSection(ProjectConfigurationPlatforms) = postSolution
		{64AEE18A-2FC7-21D8-1616-44A2B304517E}.Debug|Any CPU.ActiveCfg = Debug|Any CPU
		{64AEE18A-2FC7-21D8-1616-44A2B304517E}.Debug|Any CPU.Build.0 = Debug|Any CPU
		{64AEE18A-2FC7-21D8-1616-44A2B304517E}.Debug|x64.ActiveCfg = Debug|Any CPU
		{64AEE18A-2FC7-21D8-1616-44A2B304517E}.Debug|x64.Build.0 = Debug|Any CPU
		{64AEE18A-2FC7-21D8-1616-44A2B304517E}.Debug|x86.ActiveCfg = Debug|Any CPU
		{64AEE18A-2FC7-21D8-1616-44A2B304517E}.Debug|x86.Build.0 = Debug|Any CPU
		{64AEE18A-2FC7-21D8-1616-44A2B304517E}.Release|Any CPU.ActiveCfg = Release|Any CPU
		{64AEE18A-2FC7-21D8-1616-44A2B304517E}.Release|Any CPU.Build.0 = Release|Any CPU
		{64AEE18A-2FC7-21D8-1616-44A2B304517E}.Release|x64.ActiveCfg = Release|Any CPU
		{64AEE18A-2FC7-21D8-1616-44A2B304517E}.Release|x64.Build.0 = Release|Any CPU
		{64AEE18A-2FC7-21D8-1616-44A2B304517E}.Release|x86.ActiveCfg = Release|Any CPU
		{64AEE18A-2FC7-21D8-1616-44A2B304517E}.Release|x86.Build.0 = Release|Any CPU
		{B5D455C9-AF87-CF8E-25DD-A69A1B5C6635}.Debug|Any CPU.ActiveCfg = Debug|Any CPU
		{B5D455C9-AF87-CF8E-25DD-A69A1B5C6635}.Debug|Any CPU.Build.0 = Debug|Any CPU
		{B5D455C9-AF87-CF8E-25DD-A69A1B5C6635}.Debug|x64.ActiveCfg = Debug|Any CPU
		{B5D455C9-AF87-CF8E-25DD-A69A1B5C6635}.Debug|x64.Build.0 = Debug|Any CPU
		{B5D455C9-AF87-CF8E-25DD-A69A1B5C6635}.Debug|x86.ActiveCfg = Debug|Any CPU
		{B5D455C9-AF87-CF8E-25DD-A69A1B5C6635}.Debug|x86.Build.0 = Debug|Any CPU
		{B5D455C9-AF87-CF8E-25DD-A69A1B5C6635}.Release|Any CPU.ActiveCfg = Release|Any CPU
		{B5D455C9-AF87-CF8E-25DD-A69A1B5C6635}.Release|Any CPU.Build.0 = Release|Any CPU
		{B5D455C9-AF87-CF8E-25DD-A69A1B5C6635}.Release|x64.ActiveCfg = Release|Any CPU
		{B5D455C9-AF87-CF8E-25DD-A69A1B5C6635}.Release|x64.Build.0 = Release|Any CPU
		{B5D455C9-AF87-CF8E-25DD-A69A1B5C6635}.Release|x86.ActiveCfg = Release|Any CPU
		{B5D455C9-AF87-CF8E-25DD-A69A1B5C6635}.Release|x86.Build.0 = Release|Any CPU
		{528F7AD6-2FCE-CEA7-9BB5-8B2B036417A7}.Debug|Any CPU.ActiveCfg = Debug|Any CPU
		{528F7AD6-2FCE-CEA7-9BB5-8B2B036417A7}.Debug|Any CPU.Build.0 = Debug|Any CPU
		{528F7AD6-2FCE-CEA7-9BB5-8B2B036417A7}.Debug|x64.ActiveCfg = Debug|Any CPU
		{528F7AD6-2FCE-CEA7-9BB5-8B2B036417A7}.Debug|x64.Build.0 = Debug|Any CPU
		{528F7AD6-2FCE-CEA7-9BB5-8B2B036417A7}.Debug|x86.ActiveCfg = Debug|Any CPU
		{528F7AD6-2FCE-CEA7-9BB5-8B2B036417A7}.Debug|x86.Build.0 = Debug|Any CPU
		{528F7AD6-2FCE-CEA7-9BB5-8B2B036417A7}.Release|Any CPU.ActiveCfg = Release|Any CPU
		{528F7AD6-2FCE-CEA7-9BB5-8B2B036417A7}.Release|Any CPU.Build.0 = Release|Any CPU
		{528F7AD6-2FCE-CEA7-9BB5-8B2B036417A7}.Release|x64.ActiveCfg = Release|Any CPU
		{528F7AD6-2FCE-CEA7-9BB5-8B2B036417A7}.Release|x64.Build.0 = Release|Any CPU
		{528F7AD6-2FCE-CEA7-9BB5-8B2B036417A7}.Release|x86.ActiveCfg = Release|Any CPU
		{528F7AD6-2FCE-CEA7-9BB5-8B2B036417A7}.Release|x86.Build.0 = Release|Any CPU
		{561A6847-62C0-49B4-B500-43B5B6D09253}.Debug|Any CPU.ActiveCfg = Debug|Any CPU
		{561A6847-62C0-49B4-B500-43B5B6D09253}.Debug|Any CPU.Build.0 = Debug|Any CPU
		{561A6847-62C0-49B4-B500-43B5B6D09253}.Debug|x64.ActiveCfg = Debug|Any CPU
		{561A6847-62C0-49B4-B500-43B5B6D09253}.Debug|x64.Build.0 = Debug|Any CPU
		{561A6847-62C0-49B4-B500-43B5B6D09253}.Debug|x86.ActiveCfg = Debug|Any CPU
		{561A6847-62C0-49B4-B500-43B5B6D09253}.Debug|x86.Build.0 = Debug|Any CPU
		{561A6847-62C0-49B4-B500-43B5B6D09253}.Release|Any CPU.ActiveCfg = Release|Any CPU
		{561A6847-62C0-49B4-B500-43B5B6D09253}.Release|Any CPU.Build.0 = Release|Any CPU
		{561A6847-62C0-49B4-B500-43B5B6D09253}.Release|x64.ActiveCfg = Release|Any CPU
		{561A6847-62C0-49B4-B500-43B5B6D09253}.Release|x64.Build.0 = Release|Any CPU
		{561A6847-62C0-49B4-B500-43B5B6D09253}.Release|x86.ActiveCfg = Release|Any CPU
		{561A6847-62C0-49B4-B500-43B5B6D09253}.Release|x86.Build.0 = Release|Any CPU
		{D9920B9F-B89A-463B-BC89-24C35C28CCFF}.Debug|Any CPU.ActiveCfg = Debug|Any CPU
		{D9920B9F-B89A-463B-BC89-24C35C28CCFF}.Debug|Any CPU.Build.0 = Debug|Any CPU
		{D9920B9F-B89A-463B-BC89-24C35C28CCFF}.Debug|x64.ActiveCfg = Debug|Any CPU
		{D9920B9F-B89A-463B-BC89-24C35C28CCFF}.Debug|x64.Build.0 = Debug|Any CPU
		{D9920B9F-B89A-463B-BC89-24C35C28CCFF}.Debug|x86.ActiveCfg = Debug|Any CPU
		{D9920B9F-B89A-463B-BC89-24C35C28CCFF}.Debug|x86.Build.0 = Debug|Any CPU
		{D9920B9F-B89A-463B-BC89-24C35C28CCFF}.Release|Any CPU.ActiveCfg = Release|Any CPU
		{D9920B9F-B89A-463B-BC89-24C35C28CCFF}.Release|Any CPU.Build.0 = Release|Any CPU
		{D9920B9F-B89A-463B-BC89-24C35C28CCFF}.Release|x64.ActiveCfg = Release|Any CPU
		{D9920B9F-B89A-463B-BC89-24C35C28CCFF}.Release|x64.Build.0 = Release|Any CPU
		{D9920B9F-B89A-463B-BC89-24C35C28CCFF}.Release|x86.ActiveCfg = Release|Any CPU
		{D9920B9F-B89A-463B-BC89-24C35C28CCFF}.Release|x86.Build.0 = Release|Any CPU
		{61BA2193-F9A7-4F61-95E8-4CEDFA9A9C89}.Debug|Any CPU.ActiveCfg = Debug|Any CPU
		{61BA2193-F9A7-4F61-95E8-4CEDFA9A9C89}.Debug|Any CPU.Build.0 = Debug|Any CPU
		{61BA2193-F9A7-4F61-95E8-4CEDFA9A9C89}.Debug|x64.ActiveCfg = Debug|Any CPU
		{61BA2193-F9A7-4F61-95E8-4CEDFA9A9C89}.Debug|x64.Build.0 = Debug|Any CPU
		{61BA2193-F9A7-4F61-95E8-4CEDFA9A9C89}.Debug|x86.ActiveCfg = Debug|Any CPU
		{61BA2193-F9A7-4F61-95E8-4CEDFA9A9C89}.Debug|x86.Build.0 = Debug|Any CPU
		{61BA2193-F9A7-4F61-95E8-4CEDFA9A9C89}.Release|Any CPU.ActiveCfg = Release|Any CPU
		{61BA2193-F9A7-4F61-95E8-4CEDFA9A9C89}.Release|Any CPU.Build.0 = Release|Any CPU
		{61BA2193-F9A7-4F61-95E8-4CEDFA9A9C89}.Release|x64.ActiveCfg = Release|Any CPU
		{61BA2193-F9A7-4F61-95E8-4CEDFA9A9C89}.Release|x64.Build.0 = Release|Any CPU
		{61BA2193-F9A7-4F61-95E8-4CEDFA9A9C89}.Release|x86.ActiveCfg = Release|Any CPU
		{61BA2193-F9A7-4F61-95E8-4CEDFA9A9C89}.Release|x86.Build.0 = Release|Any CPU
		{D35C1FA7-31EE-4DC6-871F-6C2D812A3394}.Debug|Any CPU.ActiveCfg = Debug|Any CPU
		{D35C1FA7-31EE-4DC6-871F-6C2D812A3394}.Debug|Any CPU.Build.0 = Debug|Any CPU
		{D35C1FA7-31EE-4DC6-871F-6C2D812A3394}.Debug|x64.ActiveCfg = Debug|Any CPU
		{D35C1FA7-31EE-4DC6-871F-6C2D812A3394}.Debug|x64.Build.0 = Debug|Any CPU
		{D35C1FA7-31EE-4DC6-871F-6C2D812A3394}.Debug|x86.ActiveCfg = Debug|Any CPU
		{D35C1FA7-31EE-4DC6-871F-6C2D812A3394}.Debug|x86.Build.0 = Debug|Any CPU
		{D35C1FA7-31EE-4DC6-871F-6C2D812A3394}.Release|Any CPU.ActiveCfg = Release|Any CPU
		{D35C1FA7-31EE-4DC6-871F-6C2D812A3394}.Release|Any CPU.Build.0 = Release|Any CPU
		{D35C1FA7-31EE-4DC6-871F-6C2D812A3394}.Release|x64.ActiveCfg = Release|Any CPU
		{D35C1FA7-31EE-4DC6-871F-6C2D812A3394}.Release|x64.Build.0 = Release|Any CPU
		{D35C1FA7-31EE-4DC6-871F-6C2D812A3394}.Release|x86.ActiveCfg = Release|Any CPU
		{D35C1FA7-31EE-4DC6-871F-6C2D812A3394}.Release|x86.Build.0 = Release|Any CPU
		{438BF0FC-EC25-4CA9-AF12-300E111E6499}.Debug|Any CPU.ActiveCfg = Debug|Any CPU
		{438BF0FC-EC25-4CA9-AF12-300E111E6499}.Debug|Any CPU.Build.0 = Debug|Any CPU
		{438BF0FC-EC25-4CA9-AF12-300E111E6499}.Debug|x64.ActiveCfg = Debug|Any CPU
		{438BF0FC-EC25-4CA9-AF12-300E111E6499}.Debug|x64.Build.0 = Debug|Any CPU
		{438BF0FC-EC25-4CA9-AF12-300E111E6499}.Debug|x86.ActiveCfg = Debug|Any CPU
		{438BF0FC-EC25-4CA9-AF12-300E111E6499}.Debug|x86.Build.0 = Debug|Any CPU
		{438BF0FC-EC25-4CA9-AF12-300E111E6499}.Release|Any CPU.ActiveCfg = Release|Any CPU
		{438BF0FC-EC25-4CA9-AF12-300E111E6499}.Release|Any CPU.Build.0 = Release|Any CPU
		{438BF0FC-EC25-4CA9-AF12-300E111E6499}.Release|x64.ActiveCfg = Release|Any CPU
		{438BF0FC-EC25-4CA9-AF12-300E111E6499}.Release|x64.Build.0 = Release|Any CPU
		{438BF0FC-EC25-4CA9-AF12-300E111E6499}.Release|x86.ActiveCfg = Release|Any CPU
		{438BF0FC-EC25-4CA9-AF12-300E111E6499}.Release|x86.Build.0 = Release|Any CPU
	EndGlobalSection
	GlobalSection(SolutionProperties) = preSolution
		HideSolutionNode = FALSE
	EndGlobalSection
	GlobalSection(NestedProjects) = preSolution
		{64AEE18A-2FC7-21D8-1616-44A2B304517E} = {827E0CD3-B72D-47B6-A68D-7590B98EB39B}
		{B5D455C9-AF87-CF8E-25DD-A69A1B5C6635} = {827E0CD3-B72D-47B6-A68D-7590B98EB39B}
		{528F7AD6-2FCE-CEA7-9BB5-8B2B036417A7} = {827E0CD3-B72D-47B6-A68D-7590B98EB39B}
		{561A6847-62C0-49B4-B500-43B5B6D09253} = {827E0CD3-B72D-47B6-A68D-7590B98EB39B}
		{D9920B9F-B89A-463B-BC89-24C35C28CCFF} = {827E0CD3-B72D-47B6-A68D-7590B98EB39B}
		{61BA2193-F9A7-4F61-95E8-4CEDFA9A9C89} = {827E0CD3-B72D-47B6-A68D-7590B98EB39B}
		{D35C1FA7-31EE-4DC6-871F-6C2D812A3394} = {827E0CD3-B72D-47B6-A68D-7590B98EB39B}
		{438BF0FC-EC25-4CA9-AF12-300E111E6499} = {827E0CD3-B72D-47B6-A68D-7590B98EB39B}
	EndGlobalSection
	GlobalSection(ExtensibilityGlobals) = postSolution
		SolutionGuid = {28164DE2-14A8-44BD-A8DC-B7DE61C19DE9}
	EndGlobalSection
EndGlobal
